
Microsoft Visual Studio Solution File, Format Version 12.00
# Visual Studio Version 17
VisualStudioVersion = 17.8.34330.188
MinimumVisualStudioVersion = 10.0.40219.1
Project("{9A19103F-16F7-4668-BE54-9A1E7A4F7556}") = "Sapphire", "Sapphire.csproj", "{D4032C90-4923-4E98-A31C-E0FE763917DC}"
EndProject
Project("{FAE04EC0-301F-11D3-BF4B-00C04F79EFBC}") = "Sapphire.Contracts", "..\Sapphire.Contracts\Sapphire.Contracts.csproj", "{2313A796-CA7C-43F7-AB1B-18DE21F1FB36}"
EndProject
Project("{FAE04EC0-301F-11D3-BF4B-00C04F79EFBC}") = "Sapphire.LoggerService", "..\Sapphire.LoggerService\Sapphire.LoggerService.csproj", "{11AE6131-EB1A-4ED4-96F0-19B4F8FA2F9F}"
EndProject
Global
	GlobalSection(SolutionConfigurationPlatforms) = preSolution
		Debug|Any CPU = Debug|Any CPU
		Release|Any CPU = Release|Any CPU
	EndGlobalSection
	GlobalSection(ProjectConfigurationPlatforms) = postSolution
		{D4032C90-4923-4E98-A31C-E0FE763917DC}.Debug|Any CPU.ActiveCfg = Debug|Any CPU
		{D4032C90-4923-4E98-A31C-E0FE763917DC}.Debug|Any CPU.Build.0 = Debug|Any CPU
		{D4032C90-4923-4E98-A31C-E0FE763917DC}.Release|Any CPU.ActiveCfg = Release|Any CPU
		{D4032C90-4923-4E98-A31C-E0FE763917DC}.Release|Any CPU.Build.0 = Release|Any CPU
		{2313A796-CA7C-43F7-AB1B-18DE21F1FB36}.Debug|Any CPU.ActiveCfg = Debug|Any CPU
		{2313A796-CA7C-43F7-AB1B-18DE21F1FB36}.Debug|Any CPU.Build.0 = Debug|Any CPU
		{2313A796-CA7C-43F7-AB1B-18DE21F1FB36}.Release|Any CPU.ActiveCfg = Release|Any CPU
		{2313A796-CA7C-43F7-AB1B-18DE21F1FB36}.Release|Any CPU.Build.0 = Release|Any CPU
		{11AE6131-EB1A-4ED4-96F0-19B4F8FA2F9F}.Debug|Any CPU.ActiveCfg = Debug|Any CPU
		{11AE6131-EB1A-4ED4-96F0-19B4F8FA2F9F}.Debug|Any CPU.Build.0 = Debug|Any CPU
		{11AE6131-EB1A-4ED4-96F0-19B4F8FA2F9F}.Release|Any CPU.ActiveCfg = Release|Any CPU
		{11AE6131-EB1A-4ED4-96F0-19B4F8FA2F9F}.Release|Any CPU.Build.0 = Release|Any CPU
	EndGlobalSection
	GlobalSection(SolutionProperties) = preSolution
		HideSolutionNode = FALSE
	EndGlobalSection
	GlobalSection(ExtensibilityGlobals) = postSolution
		SolutionGuid = {94AA64BB-AADD-44B6-BD9C-3A2386F4DD40}
	EndGlobalSection
EndGlobal
